// !$*UTF8*$!
{
	archiveVersion = 1;
	classes = {
	};
	objectVersion = 46;
	objects = {

/* Begin PBXBuildFile section */
		AA6C146B1A879DA100FD517D /* AppDelegate.swift in Sources */ = {isa = PBXBuildFile; fileRef = AA6C146A1A879DA100FD517D /* AppDelegate.swift */; };
		AA6C146D1A879DA100FD517D /* ViewController.swift in Sources */ = {isa = PBXBuildFile; fileRef = AA6C146C1A879DA100FD517D /* ViewController.swift */; };
		AA6C14701A879DA100FD517D /* Main.storyboard in Resources */ = {isa = PBXBuildFile; fileRef = AA6C146E1A879DA100FD517D /* Main.storyboard */; };
		AA6C14721A879DA100FD517D /* Images.xcassets in Resources */ = {isa = PBXBuildFile; fileRef = AA6C14711A879DA100FD517D /* Images.xcassets */; };
		AA6C14751A879DA100FD517D /* LaunchScreen.xib in Resources */ = {isa = PBXBuildFile; fileRef = AA6C14731A879DA100FD517D /* LaunchScreen.xib */; };
		AA6C14811A879DA100FD517D /* shoeConverterTests.swift in Sources */ = {isa = PBXBuildFile; fileRef = AA6C14801A879DA100FD517D /* shoeConverterTests.swift */; };
		AA6C148B1A87B94A00FD517D /* DogsController.swift in Sources */ = {isa = PBXBuildFile; fileRef = AA6C148A1A87B94A00FD517D /* DogsController.swift */; };
/* End PBXBuildFile section */

/* Begin PBXContainerItemProxy section */
		AA6C147B1A879DA100FD517D /* PBXContainerItemProxy */ = {
			isa = PBXContainerItemProxy;
			containerPortal = AA6C145D1A879DA100FD517D /* Project object */;
			proxyType = 1;
			remoteGlobalIDString = AA6C14641A879DA100FD517D;
			remoteInfo = shoeConverter;
		};
/* End PBXContainerItemProxy section */

/* Begin PBXFileReference section */
		AA6C14651A879DA100FD517D /* shoeConverter.app */ = {isa = PBXFileReference; explicitFileType = wrapper.application; includeInIndex = 0; path = shoeConverter.app; sourceTree = BUILT_PRODUCTS_DIR; };
		AA6C14691A879DA100FD517D /* Info.plist */ = {isa = PBXFileReference; lastKnownFileType = text.plist.xml; path = Info.plist; sourceTree = "<group>"; };
		AA6C146A1A879DA100FD517D /* AppDelegate.swift */ = {isa = PBXFileReference; lastKnownFileType = sourcecode.swift; path = AppDelegate.swift; sourceTree = "<group>"; };
		AA6C146C1A879DA100FD517D /* ViewController.swift */ = {isa = PBXFileReference; lastKnownFileType = sourcecode.swift; path = ViewController.swift; sourceTree = "<group>"; };
		AA6C146F1A879DA100FD517D /* Base */ = {isa = PBXFileReference; lastKnownFileType = file.storyboard; name = Base; path = Base.lproj/Main.storyboard; sourceTree = "<group>"; };
		AA6C14711A879DA100FD517D /* Images.xcassets */ = {isa = PBXFileReference; lastKnownFileType = folder.assetcatalog; path = Images.xcassets; sourceTree = "<group>"; };
		AA6C14741A879DA100FD517D /* Base */ = {isa = PBXFileReference; lastKnownFileType = file.xib; name = Base; path = Base.lproj/LaunchScreen.xib; sourceTree = "<group>"; };
		AA6C147A1A879DA100FD517D /* shoeConverterTests.xctest */ = {isa = PBXFileReference; explicitFileType = wrapper.cfbundle; includeInIndex = 0; path = shoeConverterTests.xctest; sourceTree = BUILT_PRODUCTS_DIR; };
		AA6C147F1A879DA100FD517D /* Info.plist */ = {isa = PBXFileReference; lastKnownFileType = text.plist.xml; path = Info.plist; sourceTree = "<group>"; };
		AA6C14801A879DA100FD517D /* shoeConverterTests.swift */ = {isa = PBXFileReference; lastKnownFileType = sourcecode.swift; path = shoeConverterTests.swift; sourceTree = "<group>"; };
		AA6C148A1A87B94A00FD517D /* DogsController.swift */ = {isa = PBXFileReference; fileEncoding = 4; lastKnownFileType = sourcecode.swift; path = DogsController.swift; sourceTree = "<group>"; };
/* End PBXFileReference section */

/* Begin PBXFrameworksBuildPhase section */
		AA6C14621A879DA100FD517D /* Frameworks */ = {
			isa = PBXFrameworksBuildPhase;
			buildActionMask = 2147483647;
			files = (
			);
			runOnlyForDeploymentPostprocessing = 0;
		};
		AA6C14771A879DA100FD517D /* Frameworks */ = {
			isa = PBXFrameworksBuildPhase;
			buildActionMask = 2147483647;
			files = (
			);
			runOnlyForDeploymentPostprocessing = 0;
		};
/* End PBXFrameworksBuildPhase section */

/* Begin PBXGroup section */
		AA6C145C1A879DA100FD517D = {
			isa = PBXGroup;
			children = (
				AA6C14671A879DA100FD517D /* shoeConverter */,
				AA6C147D1A879DA100FD517D /* shoeConverterTests */,
				AA6C14661A879DA100FD517D /* Products */,
			);
			sourceTree = "<group>";
		};
		AA6C14661A879DA100FD517D /* Products */ = {
			isa = PBXGroup;
			children = (
				AA6C14651A879DA100FD517D /* shoeConverter.app */,
				AA6C147A1A879DA100FD517D /* shoeConverterTests.xctest */,
			);
			name = Products;
			sourceTree = "<group>";
		};
		AA6C14671A879DA100FD517D /* shoeConverter */ = {
			isa = PBXGroup;
			children = (
				AA6C146A1A879DA100FD517D /* AppDelegate.swift */,
				AA6C146C1A879DA100FD517D /* ViewController.swift */,
				AA6C148A1A87B94A00FD517D /* DogsController.swift */,
				AA6C146E1A879DA100FD517D /* Main.storyboard */,
				AA6C14711A879DA100FD517D /* Images.xcassets */,
				AA6C14731A879DA100FD517D /* LaunchScreen.xib */,
				AA6C14681A879DA100FD517D /* Supporting Files */,
			);
			path = shoeConverter;
			sourceTree = "<group>";
		};
		AA6C14681A879DA100FD517D /* Supporting Files */ = {
			isa = PBXGroup;
			children = (
				AA6C14691A879DA100FD517D /* Info.plist */,
			);
			name = "Supporting Files";
			sourceTree = "<group>";
		};
		AA6C147D1A879DA100FD517D /* shoeConverterTests */ = {
			isa = PBXGroup;
			children = (
				AA6C14801A879DA100FD517D /* shoeConverterTests.swift */,
				AA6C147E1A879DA100FD517D /* Supporting Files */,
			);
			path = shoeConverterTests;
			sourceTree = "<group>";
		};
		AA6C147E1A879DA100FD517D /* Supporting Files */ = {
			isa = PBXGroup;
			children = (
				AA6C147F1A879DA100FD517D /* Info.plist */,
			);
			name = "Supporting Files";
			sourceTree = "<group>";
		};
/* End PBXGroup section */

/* Begin PBXNativeTarget section */
		AA6C14641A879DA100FD517D /* shoeConverter */ = {
			isa = PBXNativeTarget;
			buildConfigurationList = AA6C14841A879DA100FD517D /* Build configuration list for PBXNativeTarget "shoeConverter" */;
			buildPhases = (
				AA6C14611A879DA100FD517D /* Sources */,
				AA6C14621A879DA100FD517D /* Frameworks */,
				AA6C14631A879DA100FD517D /* Resources */,
			);
			buildRules = (
			);
			dependencies = (
			);
			name = shoeConverter;
			productName = shoeConverter;
			productReference = AA6C14651A879DA100FD517D /* shoeConverter.app */;
			productType = "com.apple.product-type.application";
		};
		AA6C14791A879DA100FD517D /* shoeConverterTests */ = {
			isa = PBXNativeTarget;
			buildConfigurationList = AA6C14871A879DA100FD517D /* Build configuration list for PBXNativeTarget "shoeConverterTests" */;
			buildPhases = (
				AA6C14761A879DA100FD517D /* Sources */,
				AA6C14771A879DA100FD517D /* Frameworks */,
				AA6C14781A879DA100FD517D /* Resources */,
			);
			buildRules = (
			);
			dependencies = (
				AA6C147C1A879DA100FD517D /* PBXTargetDependency */,
			);
			name = shoeConverterTests;
			productName = shoeConverterTests;
			productReference = AA6C147A1A879DA100FD517D /* shoeConverterTests.xctest */;
			productType = "com.apple.product-type.bundle.unit-test";
		};
/* End PBXNativeTarget section */

/* Begin PBXProject section */
		AA6C145D1A879DA100FD517D /* Project object */ = {
			isa = PBXProject;
			attributes = {
				LastUpgradeCheck = 0610;
				ORGANIZATIONNAME = Fenkins;
				TargetAttributes = {
					AA6C14641A879DA100FD517D = {
						CreatedOnToolsVersion = 6.1.1;
					};
					AA6C14791A879DA100FD517D = {
						CreatedOnToolsVersion = 6.1.1;
						TestTargetID = AA6C14641A879DA100FD517D;
					};
				};
			};
			buildConfigurationList = AA6C14601A879DA100FD517D /* Build configuration list for PBXProject "shoeConverter" */;
			compatibilityVersion = "Xcode 3.2";
			developmentRegion = English;
			hasScannedForEncodings = 0;
			knownRegions = (
				en,
				Base,
			);
			mainGroup = AA6C145C1A879DA100FD517D;
			productRefGroup = AA6C14661A879DA100FD517D /* Products */;
			projectDirPath = "";
			projectRoot = "";
			targets = (
				AA6C14641A879DA100FD517D /* shoeConverter */,
				AA6C14791A879DA100FD517D /* shoeConverterTests */,
			);
		};
/* End PBXProject section */

/* Begin PBXResourcesBuildPhase section */
		AA6C14631A879DA100FD517D /* Resources */ = {
			isa = PBXResourcesBuildPhase;
			buildActionMask = 2147483647;
			files = (
				AA6C14701A879DA100FD517D /* Main.storyboard in Resources */,
				AA6C14751A879DA100FD517D /* LaunchScreen.xib in Resources */,
				AA6C14721A879DA100FD517D /* Images.xcassets in Resources */,
			);
			runOnlyForDeploymentPostprocessing = 0;
		};
		AA6C14781A879DA100FD517D /* Resources */ = {
			isa = PBXResourcesBuildPhase;
			buildActionMask = 2147483647;
			files = (
			);
			runOnlyForDeploymentPostprocessing = 0;
		};
/* End PBXResourcesBuildPhase section */

/* Begin PBXSourcesBuildPhase section */
		AA6C14611A879DA100FD517D /* Sources */ = {
			isa = PBXSourcesBuildPhase;
			buildActionMask = 2147483647;
			files = (
				AA6C146D1A879DA100FD517D /* ViewController.swift in Sources */,
				AA6C148B1A87B94A00FD517D /* DogsController.swift in Sources */,
				AA6C146B1A879DA100FD517D /* AppDelegate.swift in Sources */,
			);
			runOnlyForDeploymentPostprocessing = 0;
		};
		AA6C14761A879DA100FD517D /* Sources */ = {
			isa = PBXSourcesBuildPhase;
			buildActionMask = 2147483647;
			files = (
				AA6C14811A879DA100FD517D /* shoeConverterTests.swift in Sources */,
			);
			runOnlyForDeploymentPostprocessing = 0;
		};
/* End PBXSourcesBuildPhase section */

/* Begin PBXTargetDependency section */
		AA6C147C1A879DA100FD517D /* PBXTargetDependency */ = {
			isa = PBXTargetDependency;
			target = AA6C14641A879DA100FD517D /* shoeConverter */;
			targetProxy = AA6C147B1A879DA100FD517D /* PBXContainerItemProxy */;
		};
/* End PBXTargetDependency section */

/* Begin PBXVariantGroup section */
		AA6C146E1A879DA100FD517D /* Main.storyboard */ = {
			isa = PBXVariantGroup;
			children = (
				AA6C146F1A879DA100FD517D /* Base */,
			);
			name = Main.storyboard;
			sourceTree = "<group>";
		};
		AA6C14731A879DA100FD517D /* LaunchScreen.xib */ = {
			isa = PBXVariantGroup;
			children = (
				AA6C14741A879DA100FD517D /* Base */,
			);
			name = LaunchScreen.xib;
			sourceTree = "<group>";
		};
/* End PBXVariantGroup section */

/* Begin XCBuildConfiguration section */
		AA6C14821A879DA100FD517D /* Debug */ = {
			isa = XCBuildConfiguration;
			buildSettings = {
				ALWAYS_SEARCH_USER_PATHS = NO;
				CLANG_CXX_LANGUAGE_STANDARD = "gnu++0x";
				CLANG_CXX_LIBRARY = "libc++";
				CLANG_ENABLE_MODULES = YES;
				CLANG_ENABLE_OBJC_ARC = YES;
				CLANG_WARN_BOOL_CONVERSION = YES;
				CLANG_WARN_CONSTANT_CONVERSION = YES;
				CLANG_WARN_DIRECT_OBJC_ISA_USAGE = YES_ERROR;
				CLANG_WARN_EMPTY_BODY = YES;
				CLANG_WARN_ENUM_CONVERSION = YES;
				CLANG_WARN_INT_CONVERSION = YES;
				CLANG_WARN_OBJC_ROOT_CLASS = YES_ERROR;
				CLANG_WARN_UNREACHABLE_CODE = YES;
				CLANG_WARN__DUPLICATE_METHOD_MATCH = YES;
				"CODE_SIGN_IDENTITY[sdk=iphoneos*]" = "iPhone Developer";
				COPY_PHASE_STRIP = NO;
				ENABLE_STRICT_OBJC_MSGSEND = YES;
				GCC_C_LANGUAGE_STANDARD = gnu99;
				GCC_DYNAMIC_NO_PIC = NO;
				GCC_OPTIMIZATION_LEVEL = 0;
				GCC_PREPROCESSOR_DEFINITIONS = (
					"DEBUG=1",
					"$(inherited)",
				);
				GCC_SYMBOLS_PRIVATE_EXTERN = NO;
				GCC_WARN_64_TO_32_BIT_CONVERSION = YES;
				GCC_WARN_ABOUT_RETURN_TYPE = YES_ERROR;
				GCC_WARN_UNDECLARED_SELECTOR = YES;
				GCC_WARN_UNINITIALIZED_AUTOS = YES_AGGRESSIVE;
				GCC_WARN_UNUSED_FUNCTION = YES;
				GCC_WARN_UNUSED_VARIABLE = YES;
				IPHONEOS_DEPLOYMENT_TARGET = 8.1;
				MTL_ENABLE_DEBUG_INFO = YES;
				ONLY_ACTIVE_ARCH = YES;
				SDKROOT = iphoneos;
				SWIFT_OPTIMIZATION_LEVEL = "-Onone";
				TARGETED_DEVICE_FAMILY = "1,2";
			};
			name = Debug;
		};
		AA6C14831A879DA100FD517D /* Release */ = {
			isa = XCBuildConfiguration;
			buildSettings = {
				ALWAYS_SEARCH_USER_PATHS = NO;
				CLANG_CXX_LANGUAGE_STANDARD = "gnu++0x";
				CLANG_CXX_LIBRARY = "libc++";
				CLANG_ENABLE_MODULES = YES;
				CLANG_ENABLE_OBJC_ARC = YES;
				CLANG_WARN_BOOL_CONVERSION = YES;
				CLANG_WARN_CONSTANT_CONVERSION = YES;
				CLANG_WARN_DIRECT_OBJC_ISA_USAGE = YES_ERROR;
				CLANG_WARN_EMPTY_BODY = YES;
				CLANG_WARN_ENUM_CONVERSION = YES;
				CLANG_WARN_INT_CONVERSION = YES;
				CLANG_WARN_OBJC_ROOT_CLASS = YES_ERROR;
				CLANG_WARN_UNREACHABLE_CODE = YES;
				CLANG_WARN__DUPLICATE_METHOD_MATCH = YES;
				"CODE_SIGN_IDENTITY[sdk=iphoneos*]" = "iPhone Developer";
				COPY_PHASE_STRIP = YES;
				ENABLE_NS_ASSERTIONS = NO;
				ENABLE_STRICT_OBJC_MSGSEND = YES;
				GCC_C_LANGUAGE_STANDARD = gnu99;
				GCC_WARN_64_TO_32_BIT_CONVERSION = YES;
				GCC_WARN_ABOUT_RETURN_TYPE = YES_ERROR;
				GCC_WARN_UNDECLARED_SELECTOR = YES;
				GCC_WARN_UNINITIALIZED_AUTOS = YES_AGGRESSIVE;
				GCC_WARN_UNUSED_FUNCTION = YES;
				GCC_WARN_UNUSED_VARIABLE = YES;
				IPHONEOS_DEPLOYMENT_TARGET = 8.1;
				MTL_ENABLE_DEBUG_INFO = NO;
				SDKROOT = iphoneos;
				TARGETED_DEVICE_FAMILY = "1,2";
				VALIDATE_PRODUCT = YES;
			};
			name = Release;
		};
		AA6C14851A879DA100FD517D /* Debug */ = {
			isa = XCBuildConfiguration;
			buildSettings = {
				ASSETCATALOG_COMPILER_APPICON_NAME = AppIcon;
				INFOPLIST_FILE = shoeConverter/Info.plist;
				LD_RUNPATH_SEARCH_PATHS = "$(inherited) @executable_path/Frameworks";
				PRODUCT_NAME = "$(TARGET_NAME)";
			};
			name = Debug;
		};
		AA6C14861A879DA100FD517D /* Release */ = {
			isa = XCBuildConfiguration;
			buildSettings = {
				ASSETCATALOG_COMPILER_APPICON_NAME = AppIcon;
				INFOPLIST_FILE = shoeConverter/Info.plist;
				LD_RUNPATH_SEARCH_PATHS = "$(inherited) @executable_path/Frameworks";
				PRODUCT_NAME = "$(TARGET_NAME)";
			};
			name = Release;
		};
		AA6C14881A879DA100FD517D /* Debug */ = {
			isa = XCBuildConfiguration;
			buildSettings = {
				BUNDLE_LOADER = "$(TEST_HOST)";
				FRAMEWORK_SEARCH_PATHS = (
					"$(SDKROOT)/Developer/Library/Frameworks",
					"$(inherited)",
				);
				GCC_PREPROCESSOR_DEFINITIONS = (
					"DEBUG=1",
					"$(inherited)",
				);
				INFOPLIST_FILE = shoeConverterTests/Info.plist;
				LD_RUNPATH_SEARCH_PATHS = "$(inherited) @executable_path/Frameworks @loader_path/Frameworks";
				PRODUCT_NAME = "$(TARGET_NAME)";
				TEST_HOST = "$(BUILT_PRODUCTS_DIR)/shoeConverter.app/shoeConverter";
			};
			name = Debug;
		};
		AA6C14891A879DA100FD517D /* Release */ = {
			isa = XCBuildConfiguration;
			buildSettings = {
				BUNDLE_LOADER = "$(TEST_HOST)";
				FRAMEWORK_SEARCH_PATHS = (
					"$(SDKROOT)/Developer/Library/Frameworks",
					"$(inherited)",
				);
				INFOPLIST_FILE = shoeConverterTests/Info.plist;
				LD_RUNPATH_SEARCH_PATHS = "$(inherited) @executable_path/Frameworks @loader_path/Frameworks";
				PRODUCT_NAME = "$(TARGET_NAME)";
				TEST_HOST = "$(BUILT_PRODUCTS_DIR)/shoeConverter.app/shoeConverter";
			};
			name = Release;
		};
/* End XCBuildConfiguration section */

/* Begin XCConfigurationList section */
		AA6C14601A879DA100FD517D /* Build configuration list for PBXProject "shoeConverter" */ = {
			isa = XCConfigurationList;
			buildConfigurations = (
				AA6C14821A879DA100FD517D /* Debug */,
				AA6C14831A879DA100FD517D /* Release */,
			);
			defaultConfigurationIsVisible = 0;
			defaultConfigurationName = Release;
		};
		AA6C14841A879DA100FD517D /* Build configuration list for PBXNativeTarget "shoeConverter" */ = {
			isa = XCConfigurationList;
			buildConfigurations = (
				AA6C14851A879DA100FD517D /* Debug */,
				AA6C14861A879DA100FD517D /* Release */,
			);
			defaultConfigurationIsVisible = 0;
		};
		AA6C14871A879DA100FD517D /* Build configuration list for PBXNativeTarget "shoeConverterTests" */ = {
			isa = XCConfigurationList;
			buildConfigurations = (
				AA6C14881A879DA100FD517D /* Debug */,
				AA6C14891A879DA100FD517D /* Release */,
			);
			defaultConfigurationIsVisible = 0;
		};
/* End XCConfigurationList section */
	};
	rootObject = AA6C145D1A879DA100FD517D /* Project object */;
}
